
Microsoft Visual Studio Solution File, Format Version 12.00
# Visual Studio Version 17
VisualStudioVersion = 17.5.33627.172
MinimumVisualStudioVersion = 10.0.40219.1
Project("{FAE04EC0-301F-11D3-BF4B-00C04F79EFBC}") = "odev2.Core", "odev2.Core\odev2.Core.csproj", "{31CF7555-DA7E-4C5F-842C-516C579C3FCD}"
EndProject
Project("{FAE04EC0-301F-11D3-BF4B-00C04F79EFBC}") = "odev2.Repository", "odev2.Repository\odev2.Repository.csproj", "{123D91F1-D35F-4471-993E-2922BEB86F14}"
EndProject
Project("{FAE04EC0-301F-11D3-BF4B-00C04F79EFBC}") = "odev2.Service", "odev2.Service\odev2.Service.csproj", "{74A9397D-52C0-4E66-AD1B-5A61F21861E0}"
EndProject
Project("{FAE04EC0-301F-11D3-BF4B-00C04F79EFBC}") = "odev2.API", "odev2.API\odev2.API.csproj", "{A873B24E-BA5D-4038-8864-D375890C5473}"
EndProject
Global
	GlobalSection(SolutionConfigurationPlatforms) = preSolution
		Debug|Any CPU = Debug|Any CPU
		Release|Any CPU = Release|Any CPU
	EndGlobalSection
	GlobalSection(ProjectConfigurationPlatforms) = postSolution
		{31CF7555-DA7E-4C5F-842C-516C579C3FCD}.Debug|Any CPU.ActiveCfg = Debug|Any CPU
		{31CF7555-DA7E-4C5F-842C-516C579C3FCD}.Debug|Any CPU.Build.0 = Debug|Any CPU
		{31CF7555-DA7E-4C5F-842C-516C579C3FCD}.Release|Any CPU.ActiveCfg = Release|Any CPU
		{31CF7555-DA7E-4C5F-842C-516C579C3FCD}.Release|Any CPU.Build.0 = Release|Any CPU
		{123D91F1-D35F-4471-993E-2922BEB86F14}.Debug|Any CPU.ActiveCfg = Debug|Any CPU
		{123D91F1-D35F-4471-993E-2922BEB86F14}.Debug|Any CPU.Build.0 = Debug|Any CPU
		{123D91F1-D35F-4471-993E-2922BEB86F14}.Release|Any CPU.ActiveCfg = Release|Any CPU
		{123D91F1-D35F-4471-993E-2922BEB86F14}.Release|Any CPU.Build.0 = Release|Any CPU
		{74A9397D-52C0-4E66-AD1B-5A61F21861E0}.Debug|Any CPU.ActiveCfg = Debug|Any CPU
		{74A9397D-52C0-4E66-AD1B-5A61F21861E0}.Debug|Any CPU.Build.0 = Debug|Any CPU
		{74A9397D-52C0-4E66-AD1B-5A61F21861E0}.Release|Any CPU.ActiveCfg = Release|Any CPU
		{74A9397D-52C0-4E66-AD1B-5A61F21861E0}.Release|Any CPU.Build.0 = Release|Any CPU
		{A873B24E-BA5D-4038-8864-D375890C5473}.Debug|Any CPU.ActiveCfg = Debug|Any CPU
		{A873B24E-BA5D-4038-8864-D375890C5473}.Debug|Any CPU.Build.0 = Debug|Any CPU
		{A873B24E-BA5D-4038-8864-D375890C5473}.Release|Any CPU.ActiveCfg = Release|Any CPU
		{A873B24E-BA5D-4038-8864-D375890C5473}.Release|Any CPU.Build.0 = Release|Any CPU
	EndGlobalSection
	GlobalSection(SolutionProperties) = preSolution
		HideSolutionNode = FALSE
	EndGlobalSection
	GlobalSection(ExtensibilityGlobals) = postSolution
		SolutionGuid = {5BBC2819-3163-4C01-80B0-B16BFC741913}
	EndGlobalSection
EndGlobal
